
Microsoft Visual Studio Solution File, Format Version 12.00
# Visual Studio 15
VisualStudioVersion = 15.0.27004.2009
MinimumVisualStudioVersion = 10.0.40219.1
Project("{FAE04EC0-301F-11D3-BF4B-00C04F79EFBC}") = "AlgosWeek6", "AlgosWeek6\AlgosWeek6.csproj", "{E44ED074-741F-4C38-A80B-C926064910E6}"
EndProject
Global
	GlobalSection(SolutionConfigurationPlatforms) = preSolution
		Debug|Any CPU = Debug|Any CPU
		Release|Any CPU = Release|Any CPU
	EndGlobalSection
	GlobalSection(ProjectConfigurationPlatforms) = postSolution
		{E44ED074-741F-4C38-A80B-C926064910E6}.Debug|Any CPU.ActiveCfg = Debug|Any CPU
		{E44ED074-741F-4C38-A80B-C926064910E6}.Debug|Any CPU.Build.0 = Debug|Any CPU
		{E44ED074-741F-4C38-A80B-C926064910E6}.Release|Any CPU.ActiveCfg = Release|Any CPU
		{E44ED074-741F-4C38-A80B-C926064910E6}.Release|Any CPU.Build.0 = Release|Any CPU
	EndGlobalSection
	GlobalSection(SolutionProperties) = preSolution
		HideSolutionNode = FALSE
	EndGlobalSection
	GlobalSection(ExtensibilityGlobals) = postSolution
		SolutionGuid = {515FE525-5194-4EB9-90EF-393D7C374170}
	EndGlobalSection
EndGlobal
