
Microsoft Visual Studio Solution File, Format Version 12.00
# Visual Studio 15
VisualStudioVersion = 15.0.26730.16
MinimumVisualStudioVersion = 10.0.40219.1
Project("{FAE04EC0-301F-11D3-BF4B-00C04F79EFBC}") = "Library sysem using linked lists", "Library sysem using linked lists\Library sysem using linked lists.csproj", "{BEED3EC1-230D-447B-8058-6DA96A0CBEB3}"
EndProject
Global
	GlobalSection(SolutionConfigurationPlatforms) = preSolution
		Debug|Any CPU = Debug|Any CPU
		Release|Any CPU = Release|Any CPU
	EndGlobalSection
	GlobalSection(ProjectConfigurationPlatforms) = postSolution
		{BEED3EC1-230D-447B-8058-6DA96A0CBEB3}.Debug|Any CPU.ActiveCfg = Debug|Any CPU
		{BEED3EC1-230D-447B-8058-6DA96A0CBEB3}.Debug|Any CPU.Build.0 = Debug|Any CPU
		{BEED3EC1-230D-447B-8058-6DA96A0CBEB3}.Release|Any CPU.ActiveCfg = Release|Any CPU
		{BEED3EC1-230D-447B-8058-6DA96A0CBEB3}.Release|Any CPU.Build.0 = Release|Any CPU
	EndGlobalSection
	GlobalSection(SolutionProperties) = preSolution
		HideSolutionNode = FALSE
	EndGlobalSection
	GlobalSection(ExtensibilityGlobals) = postSolution
		SolutionGuid = {C30CB74D-F11E-465F-B938-E1904C60535F}
	EndGlobalSection
EndGlobal
