
Microsoft Visual Studio Solution File, Format Version 12.00
# Visual Studio 15
VisualStudioVersion = 15.0.27004.2009
MinimumVisualStudioVersion = 10.0.40219.1
Project("{FAE04EC0-301F-11D3-BF4B-00C04F79EFBC}") = "AlgosWeek8", "AlgosWeek8\AlgosWeek8.csproj", "{0526CC68-A24A-4858-A669-4F1174A2B225}"
EndProject
Global
	GlobalSection(SolutionConfigurationPlatforms) = preSolution
		Debug|Any CPU = Debug|Any CPU
		Release|Any CPU = Release|Any CPU
	EndGlobalSection
	GlobalSection(ProjectConfigurationPlatforms) = postSolution
		{0526CC68-A24A-4858-A669-4F1174A2B225}.Debug|Any CPU.ActiveCfg = Debug|Any CPU
		{0526CC68-A24A-4858-A669-4F1174A2B225}.Debug|Any CPU.Build.0 = Debug|Any CPU
		{0526CC68-A24A-4858-A669-4F1174A2B225}.Release|Any CPU.ActiveCfg = Release|Any CPU
		{0526CC68-A24A-4858-A669-4F1174A2B225}.Release|Any CPU.Build.0 = Release|Any CPU
	EndGlobalSection
	GlobalSection(SolutionProperties) = preSolution
		HideSolutionNode = FALSE
	EndGlobalSection
	GlobalSection(ExtensibilityGlobals) = postSolution
		SolutionGuid = {7752E57F-3990-4A55-A6FB-D9502091E793}
	EndGlobalSection
EndGlobal
